
Microsoft Visual Studio Solution File, Format Version 12.00
# Visual Studio Version 17
VisualStudioVersion = 17.9.34728.123
MinimumVisualStudioVersion = 10.0.40219.1
Project("{2150E333-8FDC-42A3-9474-1A3956D46DE8}") = "ソリューション項目", "ソリューション項目", "{57EFD3B3-54AF-4455-9FDF-82D2671BCFB5}"
	ProjectSection(SolutionItems) = preProject
		global.json = global.json
	EndProjectSection
EndProject
Project("{FAE04EC0-301F-11D3-BF4B-00C04F79EFBC}") = "SapDataCopyApp", "src\SapDataCopyApp\SapDataCopyApp.csproj", "{51979E78-F0BE-4E2B-A97C-C58ED12A418B}"
EndProject
Global
	GlobalSection(SolutionConfigurationPlatforms) = preSolution
		Debug|Any CPU = Debug|Any CPU
		Release|Any CPU = Release|Any CPU
	EndGlobalSection
	GlobalSection(ProjectConfigurationPlatforms) = postSolution
		{51979E78-F0BE-4E2B-A97C-C58ED12A418B}.Debug|Any CPU.ActiveCfg = Debug|Any CPU
		{51979E78-F0BE-4E2B-A97C-C58ED12A418B}.Debug|Any CPU.Build.0 = Debug|Any CPU
		{51979E78-F0BE-4E2B-A97C-C58ED12A418B}.Release|Any CPU.ActiveCfg = Release|Any CPU
		{51979E78-F0BE-4E2B-A97C-C58ED12A418B}.Release|Any CPU.Build.0 = Release|Any CPU
	EndGlobalSection
	GlobalSection(SolutionProperties) = preSolution
		HideSolutionNode = FALSE
	EndGlobalSection
	GlobalSection(ExtensibilityGlobals) = postSolution
		SolutionGuid = {134B0D9F-EE5D-44F1-A94A-65A9341904A9}
	EndGlobalSection
EndGlobal
